
Microsoft Visual Studio Solution File, Format Version 12.00
# Visual Studio Version 16
VisualStudioVersion = 16.0.30804.86
MinimumVisualStudioVersion = 10.0.40219.1
Project("{9A19103F-16F7-4668-BE54-9A1E7A4F7556}") = "AspNetCore_NlogTest", "AspNetCore_NlogTest.csproj", "{F9AC42BF-DB9C-4A3B-9959-76657F4998F6}"
EndProject
Project("{9A19103F-16F7-4668-BE54-9A1E7A4F7556}") = "Entities", "..\Entities\Entities.csproj", "{B7892170-C8D2-488A-88A4-BBAAD07D6C1B}"
EndProject
Project("{FAE04EC0-301F-11D3-BF4B-00C04F79EFBC}") = "Contracts", "..\Contracts\Contracts.csproj", "{132313D1-6E9A-4A17-BBD6-5182BD74DFEC}"
EndProject
Project("{FAE04EC0-301F-11D3-BF4B-00C04F79EFBC}") = "Repository", "..\Repository\Repository.csproj", "{B1B52031-F511-4457-B08C-53CBF3A9D864}"
EndProject
Global
	GlobalSection(SolutionConfigurationPlatforms) = preSolution
		Debug|Any CPU = Debug|Any CPU
		Release|Any CPU = Release|Any CPU
	EndGlobalSection
	GlobalSection(ProjectConfigurationPlatforms) = postSolution
		{F9AC42BF-DB9C-4A3B-9959-76657F4998F6}.Debug|Any CPU.ActiveCfg = Debug|Any CPU
		{F9AC42BF-DB9C-4A3B-9959-76657F4998F6}.Debug|Any CPU.Build.0 = Debug|Any CPU
		{F9AC42BF-DB9C-4A3B-9959-76657F4998F6}.Release|Any CPU.ActiveCfg = Release|Any CPU
		{F9AC42BF-DB9C-4A3B-9959-76657F4998F6}.Release|Any CPU.Build.0 = Release|Any CPU
		{B7892170-C8D2-488A-88A4-BBAAD07D6C1B}.Debug|Any CPU.ActiveCfg = Debug|Any CPU
		{B7892170-C8D2-488A-88A4-BBAAD07D6C1B}.Debug|Any CPU.Build.0 = Debug|Any CPU
		{B7892170-C8D2-488A-88A4-BBAAD07D6C1B}.Release|Any CPU.ActiveCfg = Release|Any CPU
		{B7892170-C8D2-488A-88A4-BBAAD07D6C1B}.Release|Any CPU.Build.0 = Release|Any CPU
		{132313D1-6E9A-4A17-BBD6-5182BD74DFEC}.Debug|Any CPU.ActiveCfg = Debug|Any CPU
		{132313D1-6E9A-4A17-BBD6-5182BD74DFEC}.Debug|Any CPU.Build.0 = Debug|Any CPU
		{132313D1-6E9A-4A17-BBD6-5182BD74DFEC}.Release|Any CPU.ActiveCfg = Release|Any CPU
		{132313D1-6E9A-4A17-BBD6-5182BD74DFEC}.Release|Any CPU.Build.0 = Release|Any CPU
		{B1B52031-F511-4457-B08C-53CBF3A9D864}.Debug|Any CPU.ActiveCfg = Debug|Any CPU
		{B1B52031-F511-4457-B08C-53CBF3A9D864}.Debug|Any CPU.Build.0 = Debug|Any CPU
		{B1B52031-F511-4457-B08C-53CBF3A9D864}.Release|Any CPU.ActiveCfg = Release|Any CPU
		{B1B52031-F511-4457-B08C-53CBF3A9D864}.Release|Any CPU.Build.0 = Release|Any CPU
	EndGlobalSection
	GlobalSection(SolutionProperties) = preSolution
		HideSolutionNode = FALSE
	EndGlobalSection
	GlobalSection(ExtensibilityGlobals) = postSolution
		SolutionGuid = {C2541EE3-3FBF-4944-B3A1-A69A6B38826D}
	EndGlobalSection
EndGlobal
